
Microsoft Visual Studio Solution File, Format Version 12.00
# Visual Studio 14
VisualStudioVersion = 14.0.25420.1
MinimumVisualStudioVersion = 10.0.40219.1
Project("{2150E333-8FDC-42A3-9474-1A3956D46DE8}") = "00 Doc", "00 Doc", "{3DDD2D9E-4755-4882-B5D6-03110028433F}"
EndProject
Project("{2150E333-8FDC-42A3-9474-1A3956D46DE8}") = "01 Presentacion", "01 Presentacion", "{DC04261B-7002-4C16-9D07-1F22A04532BA}"
EndProject
Project("{2150E333-8FDC-42A3-9474-1A3956D46DE8}") = "02 Servicio Integracion", "02 Servicio Integracion", "{05C8F6CC-5CA8-4393-A0D6-40665786A4ED}"
EndProject
Project("{2150E333-8FDC-42A3-9474-1A3956D46DE8}") = "03 Aplicacion", "03 Aplicacion", "{ECDA1C4A-78F4-4BE2-A664-20196A571AF8}"
EndProject
Project("{2150E333-8FDC-42A3-9474-1A3956D46DE8}") = "04 Dominio", "04 Dominio", "{98327289-74CD-4719-B2D1-8B14EF5E8FEA}"
EndProject
Project("{2150E333-8FDC-42A3-9474-1A3956D46DE8}") = "05 Infraestructura", "05 Infraestructura", "{06071181-1594-4431-BD55-5AD575CAE718}"
EndProject
Project("{FAE04EC0-301F-11D3-BF4B-00C04F79EFBC}") = "Uibasoft.Community.Cross.IoContainer", "Uibasoft.Community.Cross.IoContainer\Uibasoft.Community.Cross.IoContainer.csproj", "{79514065-9488-4FA6-BE39-0AAF9758E59B}"
EndProject
Project("{FAE04EC0-301F-11D3-BF4B-00C04F79EFBC}") = "Uibasoft.Community.Cross.IoContainer.Test", "Uibasoft.Community.Cross.IoContainer.Test\Uibasoft.Community.Cross.IoContainer.Test.csproj", "{8D5873CB-05D5-463A-9319-676E1417E7F0}"
EndProject
Project("{FAE04EC0-301F-11D3-BF4B-00C04F79EFBC}") = "Uibasoft.Community.Comunes", "Uibasoft.Community.Comunes\Uibasoft.Community.Comunes.csproj", "{6DA43885-80E9-4CF6-BFE7-C5D271EF9226}"
EndProject
Project("{FF286327-C783-4F7A-AB73-9BCBAD0D4460}") = "Uibasoft.Community.Comunes.Nuget", "Uibasoft.Community.Comunes.Nuget\Uibasoft.Community.Comunes.Nuget.nuproj", "{E7F2A5DE-3621-47BB-ACD4-9FBAE66A230B}"
EndProject
Project("{FF286327-C783-4F7A-AB73-9BCBAD0D4460}") = "Uibasoft.Community.Cross.IoContainer.Nuget", "Uibasoft.Community.Cross.IoContainer.Nuget\Uibasoft.Community.Cross.IoContainer.Nuget.nuproj", "{ECA5B89C-40D9-4BE2-B7BA-934F194F2F89}"
EndProject
Project("{FAE04EC0-301F-11D3-BF4B-00C04F79EFBC}") = "Uibasoft.Community.Dominio", "Uibasoft.Community.Dominio\Uibasoft.Community.Dominio.csproj", "{D5EFBA6E-DF71-4C45-86F6-34D5F82E9016}"
EndProject
Project("{FF286327-C783-4F7A-AB73-9BCBAD0D4460}") = "Uibasoft.Community.Dominio.Nuget", "Uibasoft.Community.Dominio.Nuget\Uibasoft.Community.Dominio.Nuget.nuproj", "{EDC700F0-070B-4084-9371-87C0F754491D}"
EndProject
Global
	GlobalSection(SolutionConfigurationPlatforms) = preSolution
		Debug|Any CPU = Debug|Any CPU
		pre|Any CPU = pre|Any CPU
		Release|Any CPU = Release|Any CPU
	EndGlobalSection
	GlobalSection(ProjectConfigurationPlatforms) = postSolution
		{79514065-9488-4FA6-BE39-0AAF9758E59B}.Debug|Any CPU.ActiveCfg = Debug|Any CPU
		{79514065-9488-4FA6-BE39-0AAF9758E59B}.Debug|Any CPU.Build.0 = Debug|Any CPU
		{79514065-9488-4FA6-BE39-0AAF9758E59B}.pre|Any CPU.ActiveCfg = pre|Any CPU
		{79514065-9488-4FA6-BE39-0AAF9758E59B}.pre|Any CPU.Build.0 = pre|Any CPU
		{79514065-9488-4FA6-BE39-0AAF9758E59B}.Release|Any CPU.ActiveCfg = Release|Any CPU
		{79514065-9488-4FA6-BE39-0AAF9758E59B}.Release|Any CPU.Build.0 = Release|Any CPU
		{8D5873CB-05D5-463A-9319-676E1417E7F0}.Debug|Any CPU.ActiveCfg = Debug|Any CPU
		{8D5873CB-05D5-463A-9319-676E1417E7F0}.Debug|Any CPU.Build.0 = Debug|Any CPU
		{8D5873CB-05D5-463A-9319-676E1417E7F0}.pre|Any CPU.ActiveCfg = pre|Any CPU
		{8D5873CB-05D5-463A-9319-676E1417E7F0}.pre|Any CPU.Build.0 = pre|Any CPU
		{8D5873CB-05D5-463A-9319-676E1417E7F0}.Release|Any CPU.ActiveCfg = Release|Any CPU
		{8D5873CB-05D5-463A-9319-676E1417E7F0}.Release|Any CPU.Build.0 = Release|Any CPU
		{6DA43885-80E9-4CF6-BFE7-C5D271EF9226}.Debug|Any CPU.ActiveCfg = Debug|Any CPU
		{6DA43885-80E9-4CF6-BFE7-C5D271EF9226}.Debug|Any CPU.Build.0 = Debug|Any CPU
		{6DA43885-80E9-4CF6-BFE7-C5D271EF9226}.pre|Any CPU.ActiveCfg = pre|Any CPU
		{6DA43885-80E9-4CF6-BFE7-C5D271EF9226}.pre|Any CPU.Build.0 = pre|Any CPU
		{6DA43885-80E9-4CF6-BFE7-C5D271EF9226}.Release|Any CPU.ActiveCfg = Release|Any CPU
		{6DA43885-80E9-4CF6-BFE7-C5D271EF9226}.Release|Any CPU.Build.0 = Release|Any CPU
		{E7F2A5DE-3621-47BB-ACD4-9FBAE66A230B}.Debug|Any CPU.ActiveCfg = Debug|Any CPU
		{E7F2A5DE-3621-47BB-ACD4-9FBAE66A230B}.Debug|Any CPU.Build.0 = Debug|Any CPU
		{E7F2A5DE-3621-47BB-ACD4-9FBAE66A230B}.pre|Any CPU.ActiveCfg = pre|Any CPU
		{E7F2A5DE-3621-47BB-ACD4-9FBAE66A230B}.pre|Any CPU.Build.0 = pre|Any CPU
		{E7F2A5DE-3621-47BB-ACD4-9FBAE66A230B}.Release|Any CPU.ActiveCfg = Release|Any CPU
		{E7F2A5DE-3621-47BB-ACD4-9FBAE66A230B}.Release|Any CPU.Build.0 = Release|Any CPU
		{ECA5B89C-40D9-4BE2-B7BA-934F194F2F89}.Debug|Any CPU.ActiveCfg = Debug|Any CPU
		{ECA5B89C-40D9-4BE2-B7BA-934F194F2F89}.Debug|Any CPU.Build.0 = Debug|Any CPU
		{ECA5B89C-40D9-4BE2-B7BA-934F194F2F89}.pre|Any CPU.ActiveCfg = pre|Any CPU
		{ECA5B89C-40D9-4BE2-B7BA-934F194F2F89}.pre|Any CPU.Build.0 = pre|Any CPU
		{ECA5B89C-40D9-4BE2-B7BA-934F194F2F89}.Release|Any CPU.ActiveCfg = Release|Any CPU
		{ECA5B89C-40D9-4BE2-B7BA-934F194F2F89}.Release|Any CPU.Build.0 = Release|Any CPU
		{D5EFBA6E-DF71-4C45-86F6-34D5F82E9016}.Debug|Any CPU.ActiveCfg = Debug|Any CPU
		{D5EFBA6E-DF71-4C45-86F6-34D5F82E9016}.Debug|Any CPU.Build.0 = Debug|Any CPU
		{D5EFBA6E-DF71-4C45-86F6-34D5F82E9016}.pre|Any CPU.ActiveCfg = Release|Any CPU
		{D5EFBA6E-DF71-4C45-86F6-34D5F82E9016}.pre|Any CPU.Build.0 = Release|Any CPU
		{D5EFBA6E-DF71-4C45-86F6-34D5F82E9016}.Release|Any CPU.ActiveCfg = Release|Any CPU
		{D5EFBA6E-DF71-4C45-86F6-34D5F82E9016}.Release|Any CPU.Build.0 = Release|Any CPU
		{EDC700F0-070B-4084-9371-87C0F754491D}.Debug|Any CPU.ActiveCfg = Debug|Any CPU
		{EDC700F0-070B-4084-9371-87C0F754491D}.Debug|Any CPU.Build.0 = Debug|Any CPU
		{EDC700F0-070B-4084-9371-87C0F754491D}.pre|Any CPU.ActiveCfg = Debug|Any CPU
		{EDC700F0-070B-4084-9371-87C0F754491D}.pre|Any CPU.Build.0 = Debug|Any CPU
		{EDC700F0-070B-4084-9371-87C0F754491D}.Release|Any CPU.ActiveCfg = Release|Any CPU
		{EDC700F0-070B-4084-9371-87C0F754491D}.Release|Any CPU.Build.0 = Release|Any CPU
	EndGlobalSection
	GlobalSection(SolutionProperties) = preSolution
		HideSolutionNode = FALSE
	EndGlobalSection
	GlobalSection(NestedProjects) = preSolution
		{79514065-9488-4FA6-BE39-0AAF9758E59B} = {06071181-1594-4431-BD55-5AD575CAE718}
		{8D5873CB-05D5-463A-9319-676E1417E7F0} = {06071181-1594-4431-BD55-5AD575CAE718}
		{6DA43885-80E9-4CF6-BFE7-C5D271EF9226} = {06071181-1594-4431-BD55-5AD575CAE718}
		{E7F2A5DE-3621-47BB-ACD4-9FBAE66A230B} = {06071181-1594-4431-BD55-5AD575CAE718}
		{ECA5B89C-40D9-4BE2-B7BA-934F194F2F89} = {06071181-1594-4431-BD55-5AD575CAE718}
		{D5EFBA6E-DF71-4C45-86F6-34D5F82E9016} = {98327289-74CD-4719-B2D1-8B14EF5E8FEA}
		{EDC700F0-070B-4084-9371-87C0F754491D} = {98327289-74CD-4719-B2D1-8B14EF5E8FEA}
	EndGlobalSection
EndGlobal
